PODS:
  - ABTools (0.3.0):
    - SwiftyJSON (~> 4.0)
  - SwiftyJSON (4.3.0)

DEPENDENCIES:
  - ABTools (from `../`)
  - SwiftyJSON (~> 4.0)

SPEC REPOS:
  trunk:
    - SwiftyJSON

EXTERNAL SOURCES:
  ABTools:
    :path: "../"

SPEC CHECKSUMS:
  ABTools: eed52769a94de56689a80c9e3e975dbfe0e21847
  SwiftyJSON: 6faa0040f8b59dead0ee07436cbf76b73c08fd08

PODFILE CHECKSUM: 31dc72eeb6bfcc7925e60cfe637ff826d12fa7dd

COCOAPODS: 1.9.1
